
Microsoft Visual Studio Solution File, Format Version 12.00
Project("{FAE04EC0-301F-11D3-BF4B-00C04F79EFBC}") = "Durian.Web", "Durian.Web\Durian.Web.csproj", "{7197B528-68FA-4E3F-87AF-A27629102471}"
EndProject
Project("{FAE04EC0-301F-11D3-BF4B-00C04F79EFBC}") = "Durian.Core", "Durian.Core\Durian.Core.csproj", "{2937C24C-2E2D-4483-BB7D-00F7BD103176}"
EndProject
Project("{FAE04EC0-301F-11D3-BF4B-00C04F79EFBC}") = "Durian.Service", "Durian.Service\Durian.Service.csproj", "{26142851-CB9F-442F-9366-D2933A8CB137}"
EndProject
Project("{FAE04EC0-301F-11D3-BF4B-00C04F79EFBC}") = "Durian.Model", "Durian.Model\Durian.Model.csproj", "{5CB4DA47-2B3B-43A4-8DF3-859F4C7AF881}"
EndProject
Project("{FAE04EC0-301F-11D3-BF4B-00C04F79EFBC}") = "Durian.ViewModel", "Durian.ViewModel\Durian.ViewModel.csproj", "{E7BEE24E-799B-4682-9BC1-17E09B686132}"
EndProject
Project("{FAE04EC0-301F-11D3-BF4B-00C04F79EFBC}") = "Durian.Entity", "Durian.Entity\Durian.Entity.csproj", "{163681B6-3AEC-4750-9F53-BA79CFB9D516}"
EndProject
Project("{FAE04EC0-301F-11D3-BF4B-00C04F79EFBC}") = "Durian.Repository", "Durian.Repository\Durian.Repository.csproj", "{467A8DAE-8FC3-4C9F-9297-C7807F42DFEE}"
EndProject
Project("{2150E333-8FDC-42A3-9474-1A3956D46DE8}") = "Model", "Model", "{E67A1F05-3866-4D09-BA6A-4602B9E8AC74}"
EndProject
Project("{2150E333-8FDC-42A3-9474-1A3956D46DE8}") = "Infrastructure", "Infrastructure", "{8852ED14-6B2F-474B-A8B1-7A14A9CA56F6}"
EndProject
Global
	GlobalSection(SolutionConfigurationPlatforms) = preSolution
		Debug|Any CPU = Debug|Any CPU
		Release|Any CPU = Release|Any CPU
	EndGlobalSection
	GlobalSection(ProjectConfigurationPlatforms) = postSolution
		{7197B528-68FA-4E3F-87AF-A27629102471}.Debug|Any CPU.ActiveCfg = Debug|Any CPU
		{7197B528-68FA-4E3F-87AF-A27629102471}.Debug|Any CPU.Build.0 = Debug|Any CPU
		{7197B528-68FA-4E3F-87AF-A27629102471}.Release|Any CPU.ActiveCfg = Release|Any CPU
		{7197B528-68FA-4E3F-87AF-A27629102471}.Release|Any CPU.Build.0 = Release|Any CPU
		{2937C24C-2E2D-4483-BB7D-00F7BD103176}.Debug|Any CPU.ActiveCfg = Debug|Any CPU
		{2937C24C-2E2D-4483-BB7D-00F7BD103176}.Debug|Any CPU.Build.0 = Debug|Any CPU
		{2937C24C-2E2D-4483-BB7D-00F7BD103176}.Release|Any CPU.ActiveCfg = Release|Any CPU
		{2937C24C-2E2D-4483-BB7D-00F7BD103176}.Release|Any CPU.Build.0 = Release|Any CPU
		{26142851-CB9F-442F-9366-D2933A8CB137}.Debug|Any CPU.ActiveCfg = Debug|Any CPU
		{26142851-CB9F-442F-9366-D2933A8CB137}.Debug|Any CPU.Build.0 = Debug|Any CPU
		{26142851-CB9F-442F-9366-D2933A8CB137}.Release|Any CPU.ActiveCfg = Release|Any CPU
		{26142851-CB9F-442F-9366-D2933A8CB137}.Release|Any CPU.Build.0 = Release|Any CPU
		{5CB4DA47-2B3B-43A4-8DF3-859F4C7AF881}.Debug|Any CPU.ActiveCfg = Debug|Any CPU
		{5CB4DA47-2B3B-43A4-8DF3-859F4C7AF881}.Debug|Any CPU.Build.0 = Debug|Any CPU
		{5CB4DA47-2B3B-43A4-8DF3-859F4C7AF881}.Release|Any CPU.ActiveCfg = Release|Any CPU
		{5CB4DA47-2B3B-43A4-8DF3-859F4C7AF881}.Release|Any CPU.Build.0 = Release|Any CPU
		{E7BEE24E-799B-4682-9BC1-17E09B686132}.Debug|Any CPU.ActiveCfg = Debug|Any CPU
		{E7BEE24E-799B-4682-9BC1-17E09B686132}.Debug|Any CPU.Build.0 = Debug|Any CPU
		{E7BEE24E-799B-4682-9BC1-17E09B686132}.Release|Any CPU.ActiveCfg = Release|Any CPU
		{E7BEE24E-799B-4682-9BC1-17E09B686132}.Release|Any CPU.Build.0 = Release|Any CPU
		{163681B6-3AEC-4750-9F53-BA79CFB9D516}.Debug|Any CPU.ActiveCfg = Debug|Any CPU
		{163681B6-3AEC-4750-9F53-BA79CFB9D516}.Debug|Any CPU.Build.0 = Debug|Any CPU
		{163681B6-3AEC-4750-9F53-BA79CFB9D516}.Release|Any CPU.ActiveCfg = Release|Any CPU
		{163681B6-3AEC-4750-9F53-BA79CFB9D516}.Release|Any CPU.Build.0 = Release|Any CPU
		{467A8DAE-8FC3-4C9F-9297-C7807F42DFEE}.Debug|Any CPU.ActiveCfg = Debug|Any CPU
		{467A8DAE-8FC3-4C9F-9297-C7807F42DFEE}.Debug|Any CPU.Build.0 = Debug|Any CPU
		{467A8DAE-8FC3-4C9F-9297-C7807F42DFEE}.Release|Any CPU.ActiveCfg = Release|Any CPU
		{467A8DAE-8FC3-4C9F-9297-C7807F42DFEE}.Release|Any CPU.Build.0 = Release|Any CPU
	EndGlobalSection
	GlobalSection(NestedProjects) = preSolution
		{E7BEE24E-799B-4682-9BC1-17E09B686132} = {E67A1F05-3866-4D09-BA6A-4602B9E8AC74}
		{5CB4DA47-2B3B-43A4-8DF3-859F4C7AF881} = {E67A1F05-3866-4D09-BA6A-4602B9E8AC74}
		{2937C24C-2E2D-4483-BB7D-00F7BD103176} = {8852ED14-6B2F-474B-A8B1-7A14A9CA56F6}
	EndGlobalSection
EndGlobal
